{
	"name": "@redguy12/prettier-config",
	"version": "1.0.0",
	"lockfileVersion": 2,
	"requires": true,
	"packages": {
		"": {
			"name": "@redguy12/prettier-config",
			"version": "1.0.0",
			"license": "MIT",
			"dependencies": {
				"prettier": "2.5.1",
				"prettier-plugin-ini": "0.3.1",
				"prettier-plugin-jsdoc": "0.3.30"
			},
			"devDependencies": {
				"@types/prettier": "^2.4.2"
			}
		},
		"node_modules/@types/mdast": {
			"version": "3.0.10",
			"resolved": "https://registry.npmjs.org/@types/mdast/-/mdast-3.0.10.tgz",
			"integrity": "sha512-W864tg/Osz1+9f4lrGTZpCSO5/z4608eUp19tbozkq2HJK6i3z1kT0H9tlADXuYIb1YYOBByU4Jsqkk75q48qA==",
			"dependencies": {
				"@types/unist": "*"
			}
		},
		"node_modules/@types/prettier": {
			"version": "2.4.3",
			"resolved": "https://registry.npmjs.org/@types/prettier/-/prettier-2.4.3.tgz",
			"integrity": "sha512-QzSuZMBuG5u8HqYz01qtMdg/Jfctlnvj1z/lYnIDXs/golxw0fxtRAHd9KrzjR7Yxz1qVeI00o0kiO3PmVdJ9w==",
			"dev": true
		},
		"node_modules/@types/unist": {
			"version": "2.0.6",
			"resolved": "https://registry.npmjs.org/@types/unist/-/unist-2.0.6.tgz",
			"integrity": "sha512-PBjIUxZHOuj0R15/xuwJYjFi+KZdNFrehocChv4g5hu6aFroHue8m0lBP0POdK2nKzbw0cgV1mws8+V/JAcEkQ=="
		},
		"node_modules/binary-search-bounds": {
			"version": "2.0.5",
			"resolved": "https://registry.npmjs.org/binary-search-bounds/-/binary-search-bounds-2.0.5.tgz",
			"integrity": "sha512-H0ea4Fd3lS1+sTEB2TgcLoK21lLhwEJzlQv3IN47pJS976Gx4zoWe0ak3q+uYh60ppQxg9F16Ri4tS1sfD4+jA=="
		},
		"node_modules/character-entities": {
			"version": "1.2.4",
			"resolved": "https://registry.npmjs.org/character-entities/-/character-entities-1.2.4.tgz",
			"integrity": "sha512-iBMyeEHxfVnIakwOuDXpVkc54HijNgCyQB2w0VfGQThle6NXn50zU6V/u+LDhxHcDUPojn6Kpga3PTAD8W1bQw==",
			"funding": {
				"type": "github",
				"url": "https://github.com/sponsors/wooorm"
			}
		},
		"node_modules/character-entities-legacy": {
			"version": "1.1.4",
			"resolved": "https://registry.npmjs.org/character-entities-legacy/-/character-entities-legacy-1.1.4.tgz",
			"integrity": "sha512-3Xnr+7ZFS1uxeiUDvV02wQ+QDbc55o97tIV5zHScSPJpcLm/r0DFPcoY3tYRp+VZukxuMeKgXYmsXQHO05zQeA==",
			"funding": {
				"type": "github",
				"url": "https://github.com/sponsors/wooorm"
			}
		},
		"node_modules/character-reference-invalid": {
			"version": "1.1.4",
			"resolved": "https://registry.npmjs.org/character-reference-invalid/-/character-reference-invalid-1.1.4.tgz",
			"integrity": "sha512-mKKUkUbhPpQlCOfIuZkvSEgktjPFIsZKRRbC6KWVEMvlzblj3i3asQv5ODsrwt0N3pHAEvjP8KTQPHkp0+6jOg==",
			"funding": {
				"type": "github",
				"url": "https://github.com/sponsors/wooorm"
			}
		},
		"node_modules/comment-parser": {
			"version": "1.3.0",
			"resolved": "https://registry.npmjs.org/comment-parser/-/comment-parser-1.3.0.tgz",
			"integrity": "sha512-hRpmWIKgzd81vn0ydoWoyPoALEOnF4wt8yKD35Ib1D6XC2siLiYaiqfGkYrunuKdsXGwpBpHU3+9r+RVw2NZfA==",
			"engines": {
				"node": ">= 12.0.0"
			}
		},
		"node_modules/debug": {
			"version": "4.3.3",
			"resolved": "https://registry.npmjs.org/debug/-/debug-4.3.3.tgz",
			"integrity": "sha512-/zxw5+vh1Tfv+4Qn7a5nsbcJKPaSvCDhojn6FEl9vupwK2VCSDtEiEtqr8DFtzYFOdz63LBkxec7DYuc2jon6Q==",
			"dependencies": {
				"ms": "2.1.2"
			},
			"engines": {
				"node": ">=6.0"
			},
			"peerDependenciesMeta": {
				"supports-color": {
					"optional": true
				}
			}
		},
		"node_modules/is-alphabetical": {
			"version": "1.0.4",
			"resolved": "https://registry.npmjs.org/is-alphabetical/-/is-alphabetical-1.0.4.tgz",
			"integrity": "sha512-DwzsA04LQ10FHTZuL0/grVDk4rFoVH1pjAToYwBrHSxcrBIGQuXrQMtD5U1b0U2XVgKZCTLLP8u2Qxqhy3l2Vg==",
			"funding": {
				"type": "github",
				"url": "https://github.com/sponsors/wooorm"
			}
		},
		"node_modules/is-alphanumerical": {
			"version": "1.0.4",
			"resolved": "https://registry.npmjs.org/is-alphanumerical/-/is-alphanumerical-1.0.4.tgz",
			"integrity": "sha512-UzoZUr+XfVz3t3v4KyGEniVL9BDRoQtY7tOyrRybkVNjDFWyo1yhXNGrrBTQxp3ib9BLAWs7k2YKBQsFRkZG9A==",
			"dependencies": {
				"is-alphabetical": "^1.0.0",
				"is-decimal": "^1.0.0"
			},
			"funding": {
				"type": "github",
				"url": "https://github.com/sponsors/wooorm"
			}
		},
		"node_modules/is-decimal": {
			"version": "1.0.4",
			"resolved": "https://registry.npmjs.org/is-decimal/-/is-decimal-1.0.4.tgz",
			"integrity": "sha512-RGdriMmQQvZ2aqaQq3awNA6dCGtKpiDFcOzrTWrDAT2MiWrKQVPmxLGHl7Y2nNu6led0kEyoX0enY0qXYsv9zw==",
			"funding": {
				"type": "github",
				"url": "https://github.com/sponsors/wooorm"
			}
		},
		"node_modules/is-hexadecimal": {
			"version": "1.0.4",
			"resolved": "https://registry.npmjs.org/is-hexadecimal/-/is-hexadecimal-1.0.4.tgz",
			"integrity": "sha512-gyPJuv83bHMpocVYoqof5VDiZveEoGoFL8m3BXNb2VW8Xs+rz9kqO8LOQ5DH6EsuvilT1ApazU0pyl+ytbPtlw==",
			"funding": {
				"type": "github",
				"url": "https://github.com/sponsors/wooorm"
			}
		},
		"node_modules/linguist-languages": {
			"version": "7.15.0",
			"resolved": "https://registry.npmjs.org/linguist-languages/-/linguist-languages-7.15.0.tgz",
			"integrity": "sha512-qkSSNDjDDycZ2Wcw+GziNBB3nNo3ddYUInM/PL8Amgwbd9RQ/BKGj2/1d6mdxKgBFnUqZuaDbkIwkE4KUwwmtQ=="
		},
		"node_modules/mdast-util-from-markdown": {
			"version": "0.8.5",
			"resolved": "https://registry.npmjs.org/mdast-util-from-markdown/-/mdast-util-from-markdown-0.8.5.tgz",
			"integrity": "sha512-2hkTXtYYnr+NubD/g6KGBS/0mFmBcifAsI0yIWRiRo0PjVs6SSOSOdtzbp6kSGnShDN6G5aWZpKQ2lWRy27mWQ==",
			"dependencies": {
				"@types/mdast": "^3.0.0",
				"mdast-util-to-string": "^2.0.0",
				"micromark": "~2.11.0",
				"parse-entities": "^2.0.0",
				"unist-util-stringify-position": "^2.0.0"
			},
			"funding": {
				"type": "opencollective",
				"url": "https://opencollective.com/unified"
			}
		},
		"node_modules/mdast-util-to-string": {
			"version": "2.0.0",
			"resolved": "https://registry.npmjs.org/mdast-util-to-string/-/mdast-util-to-string-2.0.0.tgz",
			"integrity": "sha512-AW4DRS3QbBayY/jJmD8437V1Gombjf8RSOUCMFBuo5iHi58AGEgVCKQ+ezHkZZDpAQS75hcBMpLqjpJTjtUL7w==",
			"funding": {
				"type": "opencollective",
				"url": "https://opencollective.com/unified"
			}
		},
		"node_modules/micromark": {
			"version": "2.11.4",
			"resolved": "https://registry.npmjs.org/micromark/-/micromark-2.11.4.tgz",
			"integrity": "sha512-+WoovN/ppKolQOFIAajxi7Lu9kInbPxFuTBVEavFcL8eAfVstoc5MocPmqBeAdBOJV00uaVjegzH4+MA0DN/uA==",
			"funding": [
				{
					"type": "GitHub Sponsors",
					"url": "https://github.com/sponsors/unifiedjs"
				},
				{
					"type": "OpenCollective",
					"url": "https://opencollective.com/unified"
				}
			],
			"dependencies": {
				"debug": "^4.0.0",
				"parse-entities": "^2.0.0"
			}
		},
		"node_modules/ms": {
			"version": "2.1.2",
			"resolved": "https://registry.npmjs.org/ms/-/ms-2.1.2.tgz",
			"integrity": "sha512-sGkPx+VjMtmA6MX27oA4FBFELFCZZ4S4XqeGOXCv68tT+jb3vk/RyaKWP0PTKyWtmLSM0b+adUTEvbs1PEaH2w=="
		},
		"node_modules/parse-entities": {
			"version": "2.0.0",
			"resolved": "https://registry.npmjs.org/parse-entities/-/parse-entities-2.0.0.tgz",
			"integrity": "sha512-kkywGpCcRYhqQIchaWqZ875wzpS/bMKhz5HnN3p7wveJTkTtyAB/AlnS0f8DFSqYW1T82t6yEAkEcB+A1I3MbQ==",
			"dependencies": {
				"character-entities": "^1.0.0",
				"character-entities-legacy": "^1.0.0",
				"character-reference-invalid": "^1.0.0",
				"is-alphanumerical": "^1.0.0",
				"is-decimal": "^1.0.0",
				"is-hexadecimal": "^1.0.0"
			},
			"funding": {
				"type": "github",
				"url": "https://github.com/sponsors/wooorm"
			}
		},
		"node_modules/prettier": {
			"version": "2.5.1",
			"resolved": "https://registry.npmjs.org/prettier/-/prettier-2.5.1.tgz",
			"integrity": "sha512-vBZcPRUR5MZJwoyi3ZoyQlc1rXeEck8KgeC9AwwOn+exuxLxq5toTRDTSaVrXHxelDMHy9zlicw8u66yxoSUFg==",
			"bin": {
				"prettier": "bin-prettier.js"
			},
			"engines": {
				"node": ">=10.13.0"
			}
		},
		"node_modules/prettier-plugin-ini": {
			"version": "0.3.1",
			"resolved": "https://registry.npmjs.org/prettier-plugin-ini/-/prettier-plugin-ini-0.3.1.tgz",
			"integrity": "sha512-p2MPOpkf0ebBme4n8U3TD7/uC3azlEyPgbfgU/l5SCgAvSKmXmRMSxKxonhSoQAGtdwQWcEADJbmzl+X72yN4Q==",
			"dependencies": {
				"prettier": ">=2.0"
			}
		},
		"node_modules/prettier-plugin-jsdoc": {
			"version": "0.3.30",
			"resolved": "https://registry.npmjs.org/prettier-plugin-jsdoc/-/prettier-plugin-jsdoc-0.3.30.tgz",
			"integrity": "sha512-BTBojOMmrUA1qsWLpJN5whUfU/E72WBUQAB5AvrDkha+O8TxmqaAivnuW+87ItYGRPBFWWzj2r5iWELhBml1Ag==",
			"dependencies": {
				"binary-search-bounds": "^2.0.5",
				"comment-parser": "^1.1.4",
				"linguist-languages": "^7.13.0",
				"mdast-util-from-markdown": "^0.8.5"
			},
			"engines": {
				"node": ">=12.0.0"
			},
			"peerDependencies": {
				"prettier": ">=2.1.2"
			}
		},
		"node_modules/unist-util-stringify-position": {
			"version": "2.0.3",
			"resolved": "https://registry.npmjs.org/unist-util-stringify-position/-/unist-util-stringify-position-2.0.3.tgz",
			"integrity": "sha512-3faScn5I+hy9VleOq/qNbAd6pAx7iH5jYBMS9I1HgQVijz/4mv5Bvw5iw1sC/90CODiKo81G/ps8AJrISn687g==",
			"dependencies": {
				"@types/unist": "^2.0.2"
			},
			"funding": {
				"type": "opencollective",
				"url": "https://opencollective.com/unified"
			}
		}
	},
	"dependencies": {
		"@types/mdast": {
			"version": "3.0.10",
			"resolved": "https://registry.npmjs.org/@types/mdast/-/mdast-3.0.10.tgz",
			"integrity": "sha512-W864tg/Osz1+9f4lrGTZpCSO5/z4608eUp19tbozkq2HJK6i3z1kT0H9tlADXuYIb1YYOBByU4Jsqkk75q48qA==",
			"requires": {
				"@types/unist": "*"
			}
		},
		"@types/prettier": {
			"version": "2.4.3",
			"resolved": "https://registry.npmjs.org/@types/prettier/-/prettier-2.4.3.tgz",
			"integrity": "sha512-QzSuZMBuG5u8HqYz01qtMdg/Jfctlnvj1z/lYnIDXs/golxw0fxtRAHd9KrzjR7Yxz1qVeI00o0kiO3PmVdJ9w==",
			"dev": true
		},
		"@types/unist": {
			"version": "2.0.6",
			"resolved": "https://registry.npmjs.org/@types/unist/-/unist-2.0.6.tgz",
			"integrity": "sha512-PBjIUxZHOuj0R15/xuwJYjFi+KZdNFrehocChv4g5hu6aFroHue8m0lBP0POdK2nKzbw0cgV1mws8+V/JAcEkQ=="
		},
		"binary-search-bounds": {
			"version": "2.0.5",
			"resolved": "https://registry.npmjs.org/binary-search-bounds/-/binary-search-bounds-2.0.5.tgz",
			"integrity": "sha512-H0ea4Fd3lS1+sTEB2TgcLoK21lLhwEJzlQv3IN47pJS976Gx4zoWe0ak3q+uYh60ppQxg9F16Ri4tS1sfD4+jA=="
		},
		"character-entities": {
			"version": "1.2.4",
			"resolved": "https://registry.npmjs.org/character-entities/-/character-entities-1.2.4.tgz",
			"integrity": "sha512-iBMyeEHxfVnIakwOuDXpVkc54HijNgCyQB2w0VfGQThle6NXn50zU6V/u+LDhxHcDUPojn6Kpga3PTAD8W1bQw=="
		},
		"character-entities-legacy": {
			"version": "1.1.4",
			"resolved": "https://registry.npmjs.org/character-entities-legacy/-/character-entities-legacy-1.1.4.tgz",
			"integrity": "sha512-3Xnr+7ZFS1uxeiUDvV02wQ+QDbc55o97tIV5zHScSPJpcLm/r0DFPcoY3tYRp+VZukxuMeKgXYmsXQHO05zQeA=="
		},
		"character-reference-invalid": {
			"version": "1.1.4",
			"resolved": "https://registry.npmjs.org/character-reference-invalid/-/character-reference-invalid-1.1.4.tgz",
			"integrity": "sha512-mKKUkUbhPpQlCOfIuZkvSEgktjPFIsZKRRbC6KWVEMvlzblj3i3asQv5ODsrwt0N3pHAEvjP8KTQPHkp0+6jOg=="
		},
		"comment-parser": {
			"version": "1.3.0",
			"resolved": "https://registry.npmjs.org/comment-parser/-/comment-parser-1.3.0.tgz",
			"integrity": "sha512-hRpmWIKgzd81vn0ydoWoyPoALEOnF4wt8yKD35Ib1D6XC2siLiYaiqfGkYrunuKdsXGwpBpHU3+9r+RVw2NZfA=="
		},
		"debug": {
			"version": "4.3.3",
			"resolved": "https://registry.npmjs.org/debug/-/debug-4.3.3.tgz",
			"integrity": "sha512-/zxw5+vh1Tfv+4Qn7a5nsbcJKPaSvCDhojn6FEl9vupwK2VCSDtEiEtqr8DFtzYFOdz63LBkxec7DYuc2jon6Q==",
			"requires": {
				"ms": "2.1.2"
			}
		},
		"is-alphabetical": {
			"version": "1.0.4",
			"resolved": "https://registry.npmjs.org/is-alphabetical/-/is-alphabetical-1.0.4.tgz",
			"integrity": "sha512-DwzsA04LQ10FHTZuL0/grVDk4rFoVH1pjAToYwBrHSxcrBIGQuXrQMtD5U1b0U2XVgKZCTLLP8u2Qxqhy3l2Vg=="
		},
		"is-alphanumerical": {
			"version": "1.0.4",
			"resolved": "https://registry.npmjs.org/is-alphanumerical/-/is-alphanumerical-1.0.4.tgz",
			"integrity": "sha512-UzoZUr+XfVz3t3v4KyGEniVL9BDRoQtY7tOyrRybkVNjDFWyo1yhXNGrrBTQxp3ib9BLAWs7k2YKBQsFRkZG9A==",
			"requires": {
				"is-alphabetical": "^1.0.0",
				"is-decimal": "^1.0.0"
			}
		},
		"is-decimal": {
			"version": "1.0.4",
			"resolved": "https://registry.npmjs.org/is-decimal/-/is-decimal-1.0.4.tgz",
			"integrity": "sha512-RGdriMmQQvZ2aqaQq3awNA6dCGtKpiDFcOzrTWrDAT2MiWrKQVPmxLGHl7Y2nNu6led0kEyoX0enY0qXYsv9zw=="
		},
		"is-hexadecimal": {
			"version": "1.0.4",
			"resolved": "https://registry.npmjs.org/is-hexadecimal/-/is-hexadecimal-1.0.4.tgz",
			"integrity": "sha512-gyPJuv83bHMpocVYoqof5VDiZveEoGoFL8m3BXNb2VW8Xs+rz9kqO8LOQ5DH6EsuvilT1ApazU0pyl+ytbPtlw=="
		},
		"linguist-languages": {
			"version": "7.15.0",
			"resolved": "https://registry.npmjs.org/linguist-languages/-/linguist-languages-7.15.0.tgz",
			"integrity": "sha512-qkSSNDjDDycZ2Wcw+GziNBB3nNo3ddYUInM/PL8Amgwbd9RQ/BKGj2/1d6mdxKgBFnUqZuaDbkIwkE4KUwwmtQ=="
		},
		"mdast-util-from-markdown": {
			"version": "0.8.5",
			"resolved": "https://registry.npmjs.org/mdast-util-from-markdown/-/mdast-util-from-markdown-0.8.5.tgz",
			"integrity": "sha512-2hkTXtYYnr+NubD/g6KGBS/0mFmBcifAsI0yIWRiRo0PjVs6SSOSOdtzbp6kSGnShDN6G5aWZpKQ2lWRy27mWQ==",
			"requires": {
				"@types/mdast": "^3.0.0",
				"mdast-util-to-string": "^2.0.0",
				"micromark": "~2.11.0",
				"parse-entities": "^2.0.0",
				"unist-util-stringify-position": "^2.0.0"
			}
		},
		"mdast-util-to-string": {
			"version": "2.0.0",
			"resolved": "https://registry.npmjs.org/mdast-util-to-string/-/mdast-util-to-string-2.0.0.tgz",
			"integrity": "sha512-AW4DRS3QbBayY/jJmD8437V1Gombjf8RSOUCMFBuo5iHi58AGEgVCKQ+ezHkZZDpAQS75hcBMpLqjpJTjtUL7w=="
		},
		"micromark": {
			"version": "2.11.4",
			"resolved": "https://registry.npmjs.org/micromark/-/micromark-2.11.4.tgz",
			"integrity": "sha512-+WoovN/ppKolQOFIAajxi7Lu9kInbPxFuTBVEavFcL8eAfVstoc5MocPmqBeAdBOJV00uaVjegzH4+MA0DN/uA==",
			"requires": {
				"debug": "^4.0.0",
				"parse-entities": "^2.0.0"
			}
		},
		"ms": {
			"version": "2.1.2",
			"resolved": "https://registry.npmjs.org/ms/-/ms-2.1.2.tgz",
			"integrity": "sha512-sGkPx+VjMtmA6MX27oA4FBFELFCZZ4S4XqeGOXCv68tT+jb3vk/RyaKWP0PTKyWtmLSM0b+adUTEvbs1PEaH2w=="
		},
		"parse-entities": {
			"version": "2.0.0",
			"resolved": "https://registry.npmjs.org/parse-entities/-/parse-entities-2.0.0.tgz",
			"integrity": "sha512-kkywGpCcRYhqQIchaWqZ875wzpS/bMKhz5HnN3p7wveJTkTtyAB/AlnS0f8DFSqYW1T82t6yEAkEcB+A1I3MbQ==",
			"requires": {
				"character-entities": "^1.0.0",
				"character-entities-legacy": "^1.0.0",
				"character-reference-invalid": "^1.0.0",
				"is-alphanumerical": "^1.0.0",
				"is-decimal": "^1.0.0",
				"is-hexadecimal": "^1.0.0"
			}
		},
		"prettier": {
			"version": "2.5.1",
			"resolved": "https://registry.npmjs.org/prettier/-/prettier-2.5.1.tgz",
			"integrity": "sha512-vBZcPRUR5MZJwoyi3ZoyQlc1rXeEck8KgeC9AwwOn+exuxLxq5toTRDTSaVrXHxelDMHy9zlicw8u66yxoSUFg=="
		},
		"prettier-plugin-ini": {
			"version": "0.3.1",
			"resolved": "https://registry.npmjs.org/prettier-plugin-ini/-/prettier-plugin-ini-0.3.1.tgz",
			"integrity": "sha512-p2MPOpkf0ebBme4n8U3TD7/uC3azlEyPgbfgU/l5SCgAvSKmXmRMSxKxonhSoQAGtdwQWcEADJbmzl+X72yN4Q==",
			"requires": {
				"prettier": ">=2.0"
			}
		},
		"prettier-plugin-jsdoc": {
			"version": "0.3.30",
			"resolved": "https://registry.npmjs.org/prettier-plugin-jsdoc/-/prettier-plugin-jsdoc-0.3.30.tgz",
			"integrity": "sha512-BTBojOMmrUA1qsWLpJN5whUfU/E72WBUQAB5AvrDkha+O8TxmqaAivnuW+87ItYGRPBFWWzj2r5iWELhBml1Ag==",
			"requires": {
				"binary-search-bounds": "^2.0.5",
				"comment-parser": "^1.1.4",
				"linguist-languages": "^7.13.0",
				"mdast-util-from-markdown": "^0.8.5"
			}
		},
		"unist-util-stringify-position": {
			"version": "2.0.3",
			"resolved": "https://registry.npmjs.org/unist-util-stringify-position/-/unist-util-stringify-position-2.0.3.tgz",
			"integrity": "sha512-3faScn5I+hy9VleOq/qNbAd6pAx7iH5jYBMS9I1HgQVijz/4mv5Bvw5iw1sC/90CODiKo81G/ps8AJrISn687g==",
			"requires": {
				"@types/unist": "^2.0.2"
			}
		}
	}
}
